
Microsoft Visual Studio Solution File, Format Version 12.00
# Visual Studio Version 17
VisualStudioVersion = 17.2.32616.157
MinimumVisualStudioVersion = 10.0.40219.1
Project("{FAE04EC0-301F-11D3-BF4B-00C04F79EFBC}") = "PurchasePointCalcAPI", "PurchasePointCalcAPI\PurchasePointCalcAPI.csproj", "{F568E97F-A7C2-4978-965B-EBE67689F682}"
EndProject
Project("{FAE04EC0-301F-11D3-BF4B-00C04F79EFBC}") = "Contracts", "Contracts\Contracts.csproj", "{602BEFF7-A439-483A-BEFA-4AB23CC769B0}"
EndProject
Project("{FAE04EC0-301F-11D3-BF4B-00C04F79EFBC}") = "LoggerService", "LoggerService\LoggerService.csproj", "{4EFD8D16-EA92-4AB6-918F-16B3DFCE9CCD}"
EndProject
Project("{FAE04EC0-301F-11D3-BF4B-00C04F79EFBC}") = "Entities", "Entities\Entities.csproj", "{44D1FCCA-FFF3-445C-A593-2447220B4950}"
EndProject
Project("{FAE04EC0-301F-11D3-BF4B-00C04F79EFBC}") = "Repository", "Repository\Repository.csproj", "{8B22DEB9-8C86-4925-A6EB-631235DD0889}"
EndProject
Global
	GlobalSection(SolutionConfigurationPlatforms) = preSolution
		Debug|Any CPU = Debug|Any CPU
		Release|Any CPU = Release|Any CPU
	EndGlobalSection
	GlobalSection(ProjectConfigurationPlatforms) = postSolution
		{F568E97F-A7C2-4978-965B-EBE67689F682}.Debug|Any CPU.ActiveCfg = Debug|Any CPU
		{F568E97F-A7C2-4978-965B-EBE67689F682}.Debug|Any CPU.Build.0 = Debug|Any CPU
		{F568E97F-A7C2-4978-965B-EBE67689F682}.Release|Any CPU.ActiveCfg = Release|Any CPU
		{F568E97F-A7C2-4978-965B-EBE67689F682}.Release|Any CPU.Build.0 = Release|Any CPU
		{602BEFF7-A439-483A-BEFA-4AB23CC769B0}.Debug|Any CPU.ActiveCfg = Debug|Any CPU
		{602BEFF7-A439-483A-BEFA-4AB23CC769B0}.Debug|Any CPU.Build.0 = Debug|Any CPU
		{602BEFF7-A439-483A-BEFA-4AB23CC769B0}.Release|Any CPU.ActiveCfg = Release|Any CPU
		{602BEFF7-A439-483A-BEFA-4AB23CC769B0}.Release|Any CPU.Build.0 = Release|Any CPU
		{4EFD8D16-EA92-4AB6-918F-16B3DFCE9CCD}.Debug|Any CPU.ActiveCfg = Debug|Any CPU
		{4EFD8D16-EA92-4AB6-918F-16B3DFCE9CCD}.Debug|Any CPU.Build.0 = Debug|Any CPU
		{4EFD8D16-EA92-4AB6-918F-16B3DFCE9CCD}.Release|Any CPU.ActiveCfg = Release|Any CPU
		{4EFD8D16-EA92-4AB6-918F-16B3DFCE9CCD}.Release|Any CPU.Build.0 = Release|Any CPU
		{44D1FCCA-FFF3-445C-A593-2447220B4950}.Debug|Any CPU.ActiveCfg = Debug|Any CPU
		{44D1FCCA-FFF3-445C-A593-2447220B4950}.Debug|Any CPU.Build.0 = Debug|Any CPU
		{44D1FCCA-FFF3-445C-A593-2447220B4950}.Release|Any CPU.ActiveCfg = Release|Any CPU
		{44D1FCCA-FFF3-445C-A593-2447220B4950}.Release|Any CPU.Build.0 = Release|Any CPU
		{8B22DEB9-8C86-4925-A6EB-631235DD0889}.Debug|Any CPU.ActiveCfg = Debug|Any CPU
		{8B22DEB9-8C86-4925-A6EB-631235DD0889}.Debug|Any CPU.Build.0 = Debug|Any CPU
		{8B22DEB9-8C86-4925-A6EB-631235DD0889}.Release|Any CPU.ActiveCfg = Release|Any CPU
		{8B22DEB9-8C86-4925-A6EB-631235DD0889}.Release|Any CPU.Build.0 = Release|Any CPU
	EndGlobalSection
	GlobalSection(SolutionProperties) = preSolution
		HideSolutionNode = FALSE
	EndGlobalSection
	GlobalSection(ExtensibilityGlobals) = postSolution
		SolutionGuid = {238BEC0B-4F46-4F04-BC84-F641FF8CCA3D}
	EndGlobalSection
EndGlobal
